Microsoft Visual Studio Solution File, Format Version 12.00
# Visual Studio Version 17
VisualStudioVersion = 17.5.2.0
MinimumVisualStudioVersion = 10.0.40219.1
Project("{FAE04EC0-301F-11D3-BF4B-00C04F79EFBC}") = "DesafioApi", "DesafioApi.csproj", "{EF6DA5FF-3599-DF71-BC2F-4C10C57B709A}"
EndProject
Project("{FAE04EC0-301F-11D3-BF4B-00C04F79EFBC}") = "DesafioApi.Tests", "DesafioApi.Tests\DesafioApi.Tests.csproj", "{0C39E3A1-3584-433A-918D-CF999041CD62}"
EndProject
Global
	GlobalSection(SolutionConfigurationPlatforms) = preSolution
		Debug|Any CPU = Debug|Any CPU
		Release|Any CPU = Release|Any CPU
	EndGlobalSection
	GlobalSection(ProjectConfigurationPlatforms) = postSolution
		{EF6DA5FF-3599-DF71-BC2F-4C10C57B709A}.Debug|Any CPU.ActiveCfg = Debug|Any CPU
		{EF6DA5FF-3599-DF71-BC2F-4C10C57B709A}.Debug|Any CPU.Build.0 = Debug|Any CPU
		{EF6DA5FF-3599-DF71-BC2F-4C10C57B709A}.Release|Any CPU.ActiveCfg = Release|Any CPU
		{EF6DA5FF-3599-DF71-BC2F-4C10C57B709A}.Release|Any CPU.Build.0 = Release|Any CPU
		{0C39E3A1-3584-433A-918D-CF999041CD62}.Debug|Any CPU.ActiveCfg = Debug|Any CPU
		{0C39E3A1-3584-433A-918D-CF999041CD62}.Debug|Any CPU.Build.0 = Debug|Any CPU
		{0C39E3A1-3584-433A-918D-CF999041CD62}.Release|Any CPU.ActiveCfg = Release|Any CPU
		{0C39E3A1-3584-433A-918D-CF999041CD62}.Release|Any CPU.Build.0 = Release|Any CPU
	EndGlobalSection
	GlobalSection(SolutionProperties) = preSolution
		HideSolutionNode = FALSE
	EndGlobalSection
	GlobalSection(ExtensibilityGlobals) = postSolution
		SolutionGuid = {1B07C433-CF51-49B2-9F25-B6F126959F98}
	EndGlobalSection
EndGlobal
